github.com/creack/pty v1.1.9/go.mod h1:oKZEueFk5CKHvIhNR5MUki03XCEU+Q6VDXinZuGJ33E=
github.com/davecgh/go-spew v1.1.1 h1:vj9j/u1bqnvCEfJOwUhtlOARqs3+rkHYY13jYWTU97c=
github.com/davecgh/go-spew v1.1.1/go.mod h1:J7Y8YcW2NihsgmVo/mv3lAwl/skON4iLHjSsI+c5H38=
github.com/iotaledger/hive.go/constraints v0.0.0-20240520064018-c635e5900894 h1:T8Ajx7h46fbyrd+G8aJZdHJkX2S7Rc/fNe5yXtGB1mQ=
github.com/iotaledger/hive.go/constraints v0.0.0-20240520064018-c635e5900894/go.mod h1:JF7jjkL6tSUOXm23SWadBzBrl7eJk1DQRLc/fNoVZ+o=
github.com/iotaledger/hive.go/ds v0.0.0-20240520064018-c635e5900894 h1:Tt1/6TXU2rh2tGu65PoOfC4pMttY2fgsUVtqf6iwaEA=
github.com/iotaledger/hive.go/ds v0.0.0-20240520064018-c635e5900894/go.mod h1:ZvFpTvsQ+D3iRIju0XVQyfjydXf5HkqTKca6BoJ+/6A=
github.com/iotaledger/hive.go/ierrors v0.0.0-20240520064018-c635e5900894 h1:nNjP8OLX8nG24shPsAov8SPv1JLl3HDCaVadqZHG3vQ=
github.com/iotaledger/hive.go/ierrors v0.0.0-20240520064018-c635e5900894/go.mod h1:GQY0/35sjgT9Poi1Vrs9kFVvAkuKzGXfVh4j6CBXsAA=
github.com/iotaledger/hive.go/kvstore v0.0.0-20240520064018-c635e5900894 h1:x1xr6MiExifYhjM6N5tF1iuQZCVEpE16sjitqjdKrBY=
github.com/iotaledger/hive.go/kvstore v0.0.0-20240520064018-c635e5900894/go.mod h1:tVA5qNVvtt9qICVVD0BzgJoM1NqlDgYkLlguQrTBS4E=
github.com/iotaledger/hive.go/lo v0.0.0-20240520064018-c635e5900894 h1:b3r0G8WQ1HBQeObTg2j7hbgJjb2oCgSVaIWazFZgVSQ=
github.com/iotaledger/hive.go/lo v0.0.0-20240520064018-c635e5900894/go.mod h1:AJRiMLXVOLKvtuuCKBqe3zBeIB6qbp1vZrU1rPHm1CU=
github.com/iotaledger/hive.go/runtime v0.0.0-20240520064018-c635e5900894 h1:h/POgHreuT8Dv7HqBk3R91uyuI/3QWlxzl5txv3AVwU=
github.com/iotaledger/hive.go/runtime v0.0.0-20240520064018-c635e5900894/go.mod h1:f7UHJ0D7Fx3GgeRpZ9jpoxG8i3EgVbbHwmzNt9fjp8c=
github.com/iotaledger/hive.go/serializer/v2 v2.0.0-rc.1.0.20240517131232-748f1ce3a2d2 h1:+uclIoWMZtlJDu5nXHl1ddaPo3ayMwGeJYUT4xPwN80=
github.com/iotaledger/hive.go/serializer/v2 v2.0.0-rc.1.0.20240517131232-748f1ce3a2d2/go.mod h1:l9lwqrn8dvaMx3IJpP1wBqZ1DFJi2eHdLzXi2GHk3gQ=
github.com/iotaledger/hive.go/stringify v0.0.0-20240520064018-c635e5900894 h1:Bt+Hu/EjYmNPBCrl8Wn0JUyDZdiKm37ZDUaCIBceJuA=
github.com/iotaledger/hive.go/stringify v0.0.0-20240520064018-c635e5900894/go.mod h1:O4p7UmsfoeLqtAUwrKbq0lXMxjY/MLQSpZSavvvvGig=
github.com/kr/pretty v0.2.1/go.mod h1:ipq/a2n7PKx3OHsz4KJII5eveXtPO4qwEXGdVfWzfnI=
github.com/kr/pretty v0.3.1 h1:flRD4NNwYAUpkphVc1HcthR4KEIFJ65n8Mw5qdRn3LE=
github.com/kr/pretty v0.3.1/go.mod h1:hoEshYVHaxMs3cyo3Yncou5ZscifuDolrwPKZanG3xk=
github.com/kr/pty v1.1.1/go.mod h1:pFQYn66WHrOpPYNljwOMqo10TkYh1fy3cYio2l3bCsQ=
github.com/kr/text v0.1.0/go.mod h1:4Jbv+DJW3UT/LiOwJeYQe1efqtUx/iVham/4vfdArNI=
github.com/kr/text v0.2.0 h1:5Nx0Ya0ZqY2ygV366QzturHI13Jq95ApcVaJBhpS+AY=
github.com/kr/text v0.2.0/go.mod h1:eLer722TekiGuMkidMxC/pM04lWEeraHUUmBw8l2grE=
github.com/mr-tron/base58 v1.2.0 h1:T/HDJBh4ZCPbU39/+c3rRvE0uKBQlU27+QI8LJ4t64o=
github.com/mr-tron/base58 v1.2.0/go.mod h1:BinMc/sQntlIE1frQmRFPUoPA1Zkr8VRgBdjWI2mNwc=
github.com/petermattis/goid v0.0.0-20240813172612-4fcff4a6cae7 h1:Dx7Ovyv/SFnMFw3fD4oEoeorXc6saIiQ23LrGLth0Gw=
github.com/petermattis/goid v0.0.0-20240813172612-4fcff4a6cae7/go.mod h1:pxMtw7cyUw6B2bRH0ZBANSPg+AoSud1I1iyJHI69jH4=
github.com/pkg/errors v0.9.1 h1:FEBLx1zS214owpjy7qsBeixbURkuhQAwrK5UwLGTwt4=
github.com/pkg/errors v0.9.1/go.mod h1:bwawxfHBFNV+L2hUp1rHADufV3IMtnDRdf1r5NINEl0=
github.com/pmezard/go-difflib v1.0.0 h1:4DBwDE0NGyQoBHbLQYPwSUPoCMWR5BEzIk/f1lZbAQM=
github.com/pmezard/go-difflib v1.0.0/go.mod h1:iKH77koFhYxTK1pcRnkKkqfTogsbg7gZNVY4sRDYZ/4=
github.com/rogpeppe/go-internal v1.12.0 h1:exVL4IDcn6na9z1rAb56Vxr+CgyK3nn3O+epU5NdKM8=
github.com/rogpeppe/go-internal v1.12.0/go.mod h1:E+RYuTGaKKdloAfM02xzb0FW3Paa99yedzYV+kq4uf4=
github.com/sasha-s/go-deadlock v0.3.5 h1:tNCOEEDG6tBqrNDOX35j/7hL5FcFViG6awUGROb2NsU=
github.com/sasha-s/go-deadlock v0.3.5/go.mod h1:bugP6EGbdGYObIlx7pUZtWqlvo8k9H6vCBBsiChJQ5U=
github.com/stretchr/testify v1.9.0 h1:HtqpIVDClZ4nwg75+f6Lvsy/wHu+3BoSGCbBAcpTsTg=
github.com/stretchr/testify v1.9.0/go.mod h1:r2ic/lqez/lEtzL7wO/rwa5dbSLXVDPFyf8C91i36aY=
gopkg.in/check.v1 v0.0.0-20161208181325-20d25e280405/go.mod h1:Co6ibVJAznAaIkqp8huTwlJQCZ016jof/cbN4VW5Yz0=
gopkg.in/check.v1 v1.0.0-20201130134442-10cb98267c6c h1:Hei/4ADfdWqJk1ZMxUNpqntNwaWcugrBjAiHlqqRiVk=
gopkg.in/check.v1 v1.0.0-20201130134442-10cb98267c6c/go.mod h1:JHkPIbrfpd72SG/EVd6muEfDQjcINNoR0C8j2r3qZ4Q=
gopkg.in/yaml.v3 v3.0.1 h1:fxVm/GzAzEWqLHuvctI91KS9hhNmmWOoWu0XTYJS7CA=
gopkg.in/yaml.v3 v3.0.1/go.mod h1:K4uyk7z7BCEPqu6E+C64Yfv1cQ7kz7rIZviUmN+EgEM=
